
Microsoft Visual Studio Solution File, Format Version 12.00
# Visual Studio Version 17
VisualStudioVersion = 17.14.36811.4 d17.14
MinimumVisualStudioVersion = 10.0.40219.1
Project("{8BC9CEB8-8B4A-11D0-8D11-00A0C91BC942}") = "dosyalama", "dosyalama\dosyalama.vcxproj", "{D7EBE653-891D-4C11-8BDC-A489FE3A6AF0}"
EndProject
Project("{8BC9CEB8-8B4A-11D0-8D11-00A0C91BC942}") = "hediyelik_esya", "..\..\hediyelik_esya\hediyelik_esya\hediyelik_esya.vcxproj", "{11A8644D-83E5-4111-B487-5897E1FF6E03}"
EndProject
Global
	GlobalSection(SolutionConfigurationPlatforms) = preSolution
		Debug|x64 = Debug|x64
		Debug|x86 = Debug|x86
		Release|x64 = Release|x64
		Release|x86 = Release|x86
	EndGlobalSection
	GlobalSection(ProjectConfigurationPlatforms) = postSolution
		{D7EBE653-891D-4C11-8BDC-A489FE3A6AF0}.Debug|x64.ActiveCfg = Debug|x64
		{D7EBE653-891D-4C11-8BDC-A489FE3A6AF0}.Debug|x64.Build.0 = Debug|x64
		{D7EBE653-891D-4C11-8BDC-A489FE3A6AF0}.Debug|x86.ActiveCfg = Debug|Win32
		{D7EBE653-891D-4C11-8BDC-A489FE3A6AF0}.Debug|x86.Build.0 = Debug|Win32
		{D7EBE653-891D-4C11-8BDC-A489FE3A6AF0}.Release|x64.ActiveCfg = Release|x64
		{D7EBE653-891D-4C11-8BDC-A489FE3A6AF0}.Release|x64.Build.0 = Release|x64
		{D7EBE653-891D-4C11-8BDC-A489FE3A6AF0}.Release|x86.ActiveCfg = Release|Win32
		{D7EBE653-891D-4C11-8BDC-A489FE3A6AF0}.Release|x86.Build.0 = Release|Win32
		{11A8644D-83E5-4111-B487-5897E1FF6E03}.Debug|x64.ActiveCfg = Debug|x64
		{11A8644D-83E5-4111-B487-5897E1FF6E03}.Debug|x64.Build.0 = Debug|x64
		{11A8644D-83E5-4111-B487-5897E1FF6E03}.Debug|x86.ActiveCfg = Debug|Win32
		{11A8644D-83E5-4111-B487-5897E1FF6E03}.Debug|x86.Build.0 = Debug|Win32
		{11A8644D-83E5-4111-B487-5897E1FF6E03}.Release|x64.ActiveCfg = Release|x64
		{11A8644D-83E5-4111-B487-5897E1FF6E03}.Release|x64.Build.0 = Release|x64
		{11A8644D-83E5-4111-B487-5897E1FF6E03}.Release|x86.ActiveCfg = Release|Win32
		{11A8644D-83E5-4111-B487-5897E1FF6E03}.Release|x86.Build.0 = Release|Win32
	EndGlobalSection
	GlobalSection(SolutionProperties) = preSolution
		HideSolutionNode = FALSE
	EndGlobalSection
	GlobalSection(ExtensibilityGlobals) = postSolution
		SolutionGuid = {04AE29C2-0879-4471-8CA5-A93A0B94FBB8}
	EndGlobalSection
EndGlobal
